schema: '2.0'
stages:
  sample proGenomes:
    cmd: cargo run --release --manifest-path src/samplefa/Cargo.toml -- --input data/progenomes/freeze12.contigs.representatives.fasta.gz
      --output data/progenomes/freeze12.contigs.representatives.randomly_selected.fasta
      --seed 42 --min-size 250000 --total 5000
    deps:
    - path: data/progenomes/freeze12.contigs.representatives.fasta.gz
      md5: 358e315953bdf2e35d5b9b4621a4100f
      size: 45496886542
    - path: src/samplefa/Cargo.lock
      md5: 74c4bba672f18bcc670911feb2227289
      size: 23065
    - path: src/samplefa/Cargo.toml
      md5: bd58f87e53c9dae8446665075dcfb16f
      size: 306
    - path: src/samplefa/main.rs
      md5: 3beae1dec378b5c11ecd586f26a0e8f5
      size: 3034
    outs:
    - path: data/progenomes/freeze12.contigs.representatives.randomly_selected.fasta
      md5: c03b77c87046303824d7d6e886c0db9c
      size: 4664432955
