schema: '2.0'
stages:
  label gene coordinates from MIBiG 1_3 embedding:
    cmd: python -m pyrodigal -p meta -i mibig-1.3.proG2.fna -f gff -o mibig-1.3.proG2.genes.gff
    deps:
    - path: mibig-1.3.proG2.fna
      md5: 83cfc9bcc2839824cd97c97a10dcb4c8
      size: 1225172555
    outs:
    - path: mibig-1.3.proG2.genes.gff
      md5: cde809ea953b63e51205d6931c467745
      size: 275878705
  label gene coordinates from MIBiG 2_0 embedding:
    cmd: python -m pyrodigal -p meta -i mibig-2.0.proG2.fna -f gff -o mibig-2.0.proG2.genes.gff
    deps:
    - path: mibig-2.0.proG2.fna
      md5: 01ef24c576b948a3da9667516f17a5f2
      size: 1689042989
    outs:
    - path: mibig-2.0.proG2.genes.gff
      md5: 39cc64a558ae5de42fb4ea927598ed40
      size: 381260101
